# THIS IS AN AUTOGENERATED FILE. DO NOT EDIT THIS FILE DIRECTLY.
# yarn lockfile v1


axios@^0.17.1:
  version "0.17.1"
  resolved "https://registry.yarnpkg.com/axios/-/axios-0.17.1.tgz#2d8e3e5d0bdbd7327f91bc814f5c57660f81824d"
  dependencies:
    follow-redirects "^1.2.5"
    is-buffer "^1.1.5"

dateformat@^3.0.2:
  version "3.0.2"
  resolved "https://registry.yarnpkg.com/dateformat/-/dateformat-3.0.2.tgz#9a4df4bff158ac2f34bc637abdb15471607e1659"

debug@^3.1.0:
  version "3.1.0"
  resolved "https://registry.yarnpkg.com/debug/-/debug-3.1.0.tgz#5bb5a0672628b64149566ba16819e61518c67261"
  dependencies:
    ms "2.0.0"

follow-redirects@^1.2.5:
  version "1.3.0"
  resolved "https://registry.yarnpkg.com/follow-redirects/-/follow-redirects-1.3.0.tgz#f684871fc116d2e329fda55ef67687f4fabc905c"
  dependencies:
    debug "^3.1.0"

is-buffer@^1.1.5:
  version "1.1.6"
  resolved "https://registry.yarnpkg.com/is-buffer/-/is-buffer-1.1.6.tgz#efaa2ea9daa0d7ab2ea13a97b2b8ad51fefbe8be"

lodash@^4.17.4:
  version "4.17.4"
  resolved "https://registry.yarnpkg.com/lodash/-/lodash-4.17.4.tgz#78203a4d1c328ae1d86dca6460e369b57f4055ae"

ms@2.0.0:
  version "2.0.0"
  resolved "https://registry.yarnpkg.com/ms/-/ms-2.0.0.tgz#5608aeadfc00be6c2901df5f9861788de0d597c8"

sprintf-js@^1.1.1:
  version "1.1.1"
  resolved "https://registry.yarnpkg.com/sprintf-js/-/sprintf-js-1.1.1.tgz#36be78320afe5801f6cea3ee78b6e5aab940ea0c"

sugoi-search@^1.1.1:
  version "1.1.1"
  resolved "https://registry.yarnpkg.com/sugoi-search/-/sugoi-search-1.1.1.tgz#e2a47fd1d3e155ce31f8332bfd781fe5fde668f8"
  dependencies:
    axios "^0.17.1"
